// !$*UTF8*$!
{
	archiveVersion = 1;
	classes = {
	};
	objectVersion = 77;
	objects = {

/* Begin PBXContainerItemProxy section */
		3BCD54562D6C6C1200A19E12 /* PBXContainerItemProxy */ = {
			isa = PBXContainerItemProxy;
			containerPortal = 3BCD54382D6C6C1100A19E12 /* Project object */;
			proxyType = 1;
			remoteGlobalIDString = 3BCD543F2D6C6C1100A19E12;
			remoteInfo = SindromeTouretteTemplate;
		};
		3BCD54602D6C6C1200A19E12 /* PBXContainerItemProxy */ = {
			isa = PBXContainerItemProxy;
			containerPortal = 3BCD54382D6C6C1100A19E12 /* Project object */;
			proxyType = 1;
			remoteGlobalIDString = 3BCD543F2D6C6C1100A19E12;
			remoteInfo = SindromeTouretteTemplate;
		};
/* End PBXContainerItemProxy section */

/* Begin PBXFileReference section */
		3BCD54402D6C6C1100A19E12 /* TicTouch.app */ = {isa = PBXFileReference; explicitFileType = wrapper.application; includeInIndex = 0; path = TicTouch.app; sourceTree = BUILT_PRODUCTS_DIR; };
		3BCD54552D6C6C1200A19E12 /* TicTouchTests.xctest */ = {isa = PBXFileReference; explicitFileType = wrapper.cfbundle; includeInIndex = 0; path = TicTouchTests.xctest; sourceTree = BUILT_PRODUCTS_DIR; };
		3BCD545F2D6C6C1200A19E12 /* TicTouchUITests.xctest */ = {isa = PBXFileReference; explicitFileType = wrapper.cfbundle; includeInIndex = 0; path = TicTouchUITests.xctest; sourceTree = BUILT_PRODUCTS_DIR; };
/* End PBXFileReference section */

/* Begin PBXFileSystemSynchronizedBuildFileExceptionSet section */
		3BB457162D7CC3C700DE87B3 /* Exceptions for "TicTouch" folder in "TicTouch" target */ = {
			isa = PBXFileSystemSynchronizedBuildFileExceptionSet;
			membershipExceptions = (
				Info.plist,
			);
			target = 3BCD543F2D6C6C1100A19E12 /* TicTouch */;
		};
/* End PBXFileSystemSynchronizedBuildFileExceptionSet section */

/* Begin PBXFileSystemSynchronizedRootGroup section */
		3BCD54422D6C6C1100A19E12 /* TicTouch */ = {
			isa = PBXFileSystemSynchronizedRootGroup;
			exceptions = (
				3BB457162D7CC3C700DE87B3 /* Exceptions for "TicTouch" folder in "TicTouch" target */,
			);
			path = TicTouch;
			sourceTree = "<group>";
		};
/* End PBXFileSystemSynchronizedRootGroup section */

/* Begin PBXFrameworksBuildPhase section */
		3BCD543D2D6C6C1100A19E12 /* Frameworks */ = {
			isa = PBXFrameworksBuildPhase;
			buildActionMask = 2147483647;
			files = (
			);
			runOnlyForDeploymentPostprocessing = 0;
		};
		3BCD54522D6C6C1200A19E12 /* Frameworks */ = {
			isa = PBXFrameworksBuildPhase;
			buildActionMask = 2147483647;
			files = (
			);
			runOnlyForDeploymentPostprocessing = 0;
		};
		3BCD545C2D6C6C1200A19E12 /* Frameworks */ = {
			isa = PBXFrameworksBuildPhase;
			buildActionMask = 2147483647;
			files = (
			);
			runOnlyForDeploymentPostprocessing = 0;
		};
/* End PBXFrameworksBuildPhase section */

/* Begin PBXGroup section */
		3BCD54372D6C6C1100A19E12 = {
			isa = PBXGroup;
			children = (
				3BCD54422D6C6C1100A19E12 /* TicTouch */,
				3BCD54412D6C6C1100A19E12 /* Products */,
			);
			sourceTree = "<group>";
		};
		3BCD54412D6C6C1100A19E12 /* Products */ = {
			isa = PBXGroup;
			children = (
				3BCD54402D6C6C1100A19E12 /* TicTouch.app */,
				3BCD54552D6C6C1200A19E12 /* TicTouchTests.xctest */,
				3BCD545F2D6C6C1200A19E12 /* TicTouchUITests.xctest */,
			);
			name = Products;
			sourceTree = "<group>";
		};
/* End PBXGroup section */

/* Begin PBXNativeTarget section */
		3BCD543F2D6C6C1100A19E12 /* TicTouch */ = {
			isa = PBXNativeTarget;
			buildConfigurationList = 3BCD54692D6C6C1200A19E12 /* Build configuration list for PBXNativeTarget "TicTouch" */;
			buildPhases = (
				3BCD543C2D6C6C1100A19E12 /* Sources */,
				3BCD543D2D6C6C1100A19E12 /* Frameworks */,
				3BCD543E2D6C6C1100A19E12 /* Resources */,
			);
			buildRules = (
			);
			dependencies = (
			);
			fileSystemSynchronizedGroups = (
				3BCD54422D6C6C1100A19E12 /* TicTouch */,
			);
			name = TicTouch;
			packageProductDependencies = (
			);
			productName = SindromeTouretteTemplate;
			productReference = 3BCD54402D6C6C1100A19E12 /* TicTouch.app */;
			productType = "com.apple.product-type.application";
		};
		3BCD54542D6C6C1200A19E12 /* TicTouchTests */ = {
			isa = PBXNativeTarget;
			buildConfigurationList = 3BCD546C2D6C6C1200A19E12 /* Build configuration list for PBXNativeTarget "TicTouchTests" */;
			buildPhases = (
				3BCD54512D6C6C1200A19E12 /* Sources */,
				3BCD54522D6C6C1200A19E12 /* Frameworks */,
				3BCD54532D6C6C1200A19E12 /* Resources */,
			);
			buildRules = (
			);
			dependencies = (
				3BCD54572D6C6C1200A19E12 /* PBXTargetDependency */,
			);
			name = TicTouchTests;
			packageProductDependencies = (
			);
			productName = SindromeTouretteTemplateTests;
			productReference = 3BCD54552D6C6C1200A19E12 /* TicTouchTests.xctest */;
			productType = "com.apple.product-type.bundle.unit-test";
		};
		3BCD545E2D6C6C1200A19E12 /* TicTouchUITests */ = {
			isa = PBXNativeTarget;
			buildConfigurationList = 3BCD546F2D6C6C1200A19E12 /* Build configuration list for PBXNativeTarget "TicTouchUITests" */;
			buildPhases = (
				3BCD545B2D6C6C1200A19E12 /* Sources */,
				3BCD545C2D6C6C1200A19E12 /* Frameworks */,
				3BCD545D2D6C6C1200A19E12 /* Resources */,
			);
			buildRules = (
			);
			dependencies = (
				3BCD54612D6C6C1200A19E12 /* PBXTargetDependency */,
			);
			name = TicTouchUITests;
			packageProductDependencies = (
			);
			productName = SindromeTouretteTemplateUITests;
			productReference = 3BCD545F2D6C6C1200A19E12 /* TicTouchUITests.xctest */;
			productType = "com.apple.product-type.bundle.ui-testing";
		};
/* End PBXNativeTarget section */

/* Begin PBXProject section */
		3BCD54382D6C6C1100A19E12 /* Project object */ = {
			isa = PBXProject;
			attributes = {
				BuildIndependentTargetsInParallel = 1;
				LastSwiftUpdateCheck = 1620;
				LastUpgradeCheck = 1620;
				TargetAttributes = {
					3BCD543F2D6C6C1100A19E12 = {
						CreatedOnToolsVersion = 16.2;
					};
					3BCD54542D6C6C1200A19E12 = {
						CreatedOnToolsVersion = 16.2;
						TestTargetID = 3BCD543F2D6C6C1100A19E12;
					};
					3BCD545E2D6C6C1200A19E12 = {
						CreatedOnToolsVersion = 16.2;
						TestTargetID = 3BCD543F2D6C6C1100A19E12;
					};
				};
			};
			buildConfigurationList = 3BCD543B2D6C6C1100A19E12 /* Build configuration list for PBXProject "TicTouch" */;
			developmentRegion = en;
			hasScannedForEncodings = 0;
			knownRegions = (
				en,
				Base,
				it,
			);
			mainGroup = 3BCD54372D6C6C1100A19E12;
			minimizedProjectReferenceProxies = 1;
			preferredProjectObjectVersion = 77;
			productRefGroup = 3BCD54412D6C6C1100A19E12 /* Products */;
			projectDirPath = "";
			projectRoot = "";
			targets = (
				3BCD543F2D6C6C1100A19E12 /* TicTouch */,
				3BCD54542D6C6C1200A19E12 /* TicTouchTests */,
				3BCD545E2D6C6C1200A19E12 /* TicTouchUITests */,
			);
		};
/* End PBXProject section */

/* Begin PBXResourcesBuildPhase section */
		3BCD543E2D6C6C1100A19E12 /* Resources */ = {
			isa = PBXResourcesBuildPhase;
			buildActionMask = 2147483647;
			files = (
			);
			runOnlyForDeploymentPostprocessing = 0;
		};
		3BCD54532D6C6C1200A19E12 /* Resources */ = {
			isa = PBXResourcesBuildPhase;
			buildActionMask = 2147483647;
			files = (
			);
			runOnlyForDeploymentPostprocessing = 0;
		};
		3BCD545D2D6C6C1200A19E12 /* Resources */ = {
			isa = PBXResourcesBuildPhase;
			buildActionMask = 2147483647;
			files = (
			);
			runOnlyForDeploymentPostprocessing = 0;
		};
/* End PBXResourcesBuildPhase section */

/* Begin PBXSourcesBuildPhase section */
		3BCD543C2D6C6C1100A19E12 /* Sources */ = {
			isa = PBXSourcesBuildPhase;
			buildActionMask = 2147483647;
			files = (
			);
			runOnlyForDeploymentPostprocessing = 0;
		};
		3BCD54512D6C6C1200A19E12 /* Sources */ = {
			isa = PBXSourcesBuildPhase;
			buildActionMask = 2147483647;
			files = (
			);
			runOnlyForDeploymentPostprocessing = 0;
		};
		3BCD545B2D6C6C1200A19E12 /* Sources */ = {
			isa = PBXSourcesBuildPhase;
			buildActionMask = 2147483647;
			files = (
			);
			runOnlyForDeploymentPostprocessing = 0;
		};
/* End PBXSourcesBuildPhase section */

/* Begin PBXTargetDependency section */
		3BCD54572D6C6C1200A19E12 /* PBXTargetDependency */ = {
			isa = PBXTargetDependency;
			target = 3BCD543F2D6C6C1100A19E12 /* TicTouch */;
			targetProxy = 3BCD54562D6C6C1200A19E12 /* PBXContainerItemProxy */;
		};
		3BCD54612D6C6C1200A19E12 /* PBXTargetDependency */ = {
			isa = PBXTargetDependency;
			target = 3BCD543F2D6C6C1100A19E12 /* TicTouch */;
			targetProxy = 3BCD54602D6C6C1200A19E12 /* PBXContainerItemProxy */;
		};
/* End PBXTargetDependency section */

/* Begin XCBuildConfiguration section */
		3BCD54672D6C6C1200A19E12 /* Debug */ = {
			isa = XCBuildConfiguration;
			buildSettings = {
				ALWAYS_SEARCH_USER_PATHS = NO;
				ASSETCATALOG_COMPILER_GENERATE_SWIFT_ASSET_SYMBOL_EXTENSIONS = YES;
				CLANG_ANALYZER_NONNULL = YES;
				CLANG_ANALYZER_NUMBER_OBJECT_CONVERSION = YES_AGGRESSIVE;
				CLANG_CXX_LANGUAGE_STANDARD = "gnu++20";
				CLANG_ENABLE_MODULES = YES;
				CLANG_ENABLE_OBJC_ARC = YES;
				CLANG_ENABLE_OBJC_WEAK = YES;
				CLANG_WARN_BLOCK_CAPTURE_AUTORELEASING = YES;
				CLANG_WARN_BOOL_CONVERSION = YES;
				CLANG_WARN_COMMA = YES;
				CLANG_WARN_CONSTANT_CONVERSION = YES;
				CLANG_WARN_DEPRECATED_OBJC_IMPLEMENTATIONS = YES;
				CLANG_WARN_DIRECT_OBJC_ISA_USAGE = YES_ERROR;
				CLANG_WARN_DOCUMENTATION_COMMENTS = YES;
				CLANG_WARN_EMPTY_BODY = YES;
				CLANG_WARN_ENUM_CONVERSION = YES;
				CLANG_WARN_INFINITE_RECURSION = YES;
				CLANG_WARN_INT_CONVERSION = YES;
				CLANG_WARN_NON_LITERAL_NULL_CONVERSION = YES;
				CLANG_WARN_OBJC_IMPLICIT_RETAIN_SELF = YES;
				CLANG_WARN_OBJC_LITERAL_CONVERSION = YES;
				CLANG_WARN_OBJC_ROOT_CLASS = YES_ERROR;
				CLANG_WARN_QUOTED_INCLUDE_IN_FRAMEWORK_HEADER = YES;
				CLANG_WARN_RANGE_LOOP_ANALYSIS = YES;
				CLANG_WARN_STRICT_PROTOTYPES = YES;
				CLANG_WARN_SUSPICIOUS_MOVE = YES;
				CLANG_WARN_UNGUARDED_AVAILABILITY = YES_AGGRESSIVE;
				CLANG_WARN_UNREACHABLE_CODE = YES;
				CLANG_WARN__DUPLICATE_METHOD_MATCH = YES;
				COPY_PHASE_STRIP = NO;
				DEBUG_INFORMATION_FORMAT = dwarf;
				ENABLE_STRICT_OBJC_MSGSEND = YES;
				ENABLE_TESTABILITY = YES;
				ENABLE_USER_SCRIPT_SANDBOXING = YES;
				GCC_C_LANGUAGE_STANDARD = gnu17;
				GCC_DYNAMIC_NO_PIC = NO;
				GCC_NO_COMMON_BLOCKS = YES;
				GCC_OPTIMIZATION_LEVEL = 0;
				GCC_PREPROCESSOR_DEFINITIONS = (
					"DEBUG=1",
					"$(inherited)",
				);
				GCC_WARN_64_TO_32_BIT_CONVERSION = YES;
				GCC_WARN_ABOUT_RETURN_TYPE = YES_ERROR;
				GCC_WARN_UNDECLARED_SELECTOR = YES;
				GCC_WARN_UNINITIALIZED_AUTOS = YES_AGGRESSIVE;
				GCC_WARN_UNUSED_FUNCTION = YES;
				GCC_WARN_UNUSED_VARIABLE = YES;
				IPHONEOS_DEPLOYMENT_TARGET = 18.2;
				LOCALIZATION_PREFERS_STRING_CATALOGS = YES;
				MTL_ENABLE_DEBUG_INFO = INCLUDE_SOURCE;
				MTL_FAST_MATH = YES;
				ONLY_ACTIVE_ARCH = YES;
				SDKROOT = iphoneos;
				SWIFT_ACTIVE_COMPILATION_CONDITIONS = "DEBUG $(inherited)";
				SWIFT_COMPILATION_MODE = singlefile;
				SWIFT_OPTIMIZATION_LEVEL = "-Onone";
				SWIFT_VERSION = 6.0;
			};
			name = Debug;
		};
		3BCD54682D6C6C1200A19E12 /* Release */ = {
			isa = XCBuildConfiguration;
			buildSettings = {
				ALWAYS_SEARCH_USER_PATHS = NO;
				ASSETCATALOG_COMPILER_GENERATE_SWIFT_ASSET_SYMBOL_EXTENSIONS = YES;
				CLANG_ANALYZER_NONNULL = YES;
				CLANG_ANALYZER_NUMBER_OBJECT_CONVERSION = YES_AGGRESSIVE;
				CLANG_CXX_LANGUAGE_STANDARD = "gnu++20";
				CLANG_ENABLE_MODULES = YES;
				CLANG_ENABLE_OBJC_ARC = YES;
				CLANG_ENABLE_OBJC_WEAK = YES;
				CLANG_WARN_BLOCK_CAPTURE_AUTORELEASING = YES;
				CLANG_WARN_BOOL_CONVERSION = YES;
				CLANG_WARN_COMMA = YES;
				CLANG_WARN_CONSTANT_CONVERSION = YES;
				CLANG_WARN_DEPRECATED_OBJC_IMPLEMENTATIONS = YES;
				CLANG_WARN_DIRECT_OBJC_ISA_USAGE = YES_ERROR;
				CLANG_WARN_DOCUMENTATION_COMMENTS = YES;
				CLANG_WARN_EMPTY_BODY = YES;
				CLANG_WARN_ENUM_CONVERSION = YES;
				CLANG_WARN_INFINITE_RECURSION = YES;
				CLANG_WARN_INT_CONVERSION = YES;
				CLANG_WARN_NON_LITERAL_NULL_CONVERSION = YES;
				CLANG_WARN_OBJC_IMPLICIT_RETAIN_SELF = YES;
				CLANG_WARN_OBJC_LITERAL_CONVERSION = YES;
				CLANG_WARN_OBJC_ROOT_CLASS = YES_ERROR;
				CLANG_WARN_QUOTED_INCLUDE_IN_FRAMEWORK_HEADER = YES;
				CLANG_WARN_RANGE_LOOP_ANALYSIS = YES;
				CLANG_WARN_STRICT_PROTOTYPES = YES;
				CLANG_WARN_SUSPICIOUS_MOVE = YES;
				CLANG_WARN_UNGUARDED_AVAILABILITY = YES_AGGRESSIVE;
				CLANG_WARN_UNREACHABLE_CODE = YES;
				CLANG_WARN__DUPLICATE_METHOD_MATCH = YES;
				COPY_PHASE_STRIP = NO;
				DEBUG_INFORMATION_FORMAT = "dwarf-with-dsym";
				ENABLE_NS_ASSERTIONS = NO;
				ENABLE_STRICT_OBJC_MSGSEND = YES;
				ENABLE_USER_SCRIPT_SANDBOXING = YES;
				GCC_C_LANGUAGE_STANDARD = gnu17;
				GCC_NO_COMMON_BLOCKS = YES;
				GCC_WARN_64_TO_32_BIT_CONVERSION = YES;
				GCC_WARN_ABOUT_RETURN_TYPE = YES_ERROR;
				GCC_WARN_UNDECLARED_SELECTOR = YES;
				GCC_WARN_UNINITIALIZED_AUTOS = YES_AGGRESSIVE;
				GCC_WARN_UNUSED_FUNCTION = YES;
				GCC_WARN_UNUSED_VARIABLE = YES;
				IPHONEOS_DEPLOYMENT_TARGET = 18.2;
				LOCALIZATION_PREFERS_STRING_CATALOGS = YES;
				MTL_ENABLE_DEBUG_INFO = NO;
				MTL_FAST_MATH = YES;
				SDKROOT = iphoneos;
				SWIFT_COMPILATION_MODE = singlefile;
				SWIFT_VERSION = 6.0;
				VALIDATE_PRODUCT = YES;
			};
			name = Release;
		};
		3BCD546A2D6C6C1200A19E12 /* Debug */ = {
			isa = XCBuildConfiguration;
			buildSettings = {
				ASSETCATALOG_COMPILER_APPICON_NAME = AppIcon;
				ASSETCATALOG_COMPILER_GLOBAL_ACCENT_COLOR_NAME = AccentColor;
				CODE_SIGN_STYLE = Automatic;
				CURRENT_PROJECT_VERSION = 1;
				DEVELOPMENT_ASSET_PATHS = "\"TicTouch/Preview Content\"";
				DEVELOPMENT_TEAM = D4733GQ49X;
				ENABLE_PREVIEWS = YES;
				GENERATE_INFOPLIST_FILE = YES;
				INFOPLIST_FILE = TicTouch/Info.plist;
				INFOPLIST_KEY_NSMicrophoneUsageDescription = "for mic";
				INFOPLIST_KEY_NSSpeechRecognitionUsageDescription = "for mic";
				INFOPLIST_KEY_UIApplicationSceneManifest_Generation = YES;
				INFOPLIST_KEY_UIApplicationSupportsIndirectInputEvents = YES;
				INFOPLIST_KEY_UILaunchScreen_Generation = YES;
				INFOPLIST_KEY_UISupportedInterfaceOrientations_iPad = "UIInterfaceOrientationPortrait UIInterfaceOrientationPortraitUpsideDown";
				INFOPLIST_KEY_UISupportedInterfaceOrientations_iPhone = UIInterfaceOrientationPortrait;
				LD_RUNPATH_SEARCH_PATHS = (
					"$(inherited)",
					"@executable_path/Frameworks",
				);
				MARKETING_VERSION = 1.0;
				PRODUCT_BUNDLE_IDENTIFIER = it.Tourette.aleat;
				PRODUCT_NAME = "$(TARGET_NAME)";
				SUPPORTED_PLATFORMS = "iphoneos iphonesimulator";
				SUPPORTS_MACCATALYST = NO;
				SUPPORTS_MAC_DESIGNED_FOR_IPHONE_IPAD = NO;
				SUPPORTS_XR_DESIGNED_FOR_IPHONE_IPAD = NO;
				SWIFT_EMIT_LOC_STRINGS = YES;
				SWIFT_VERSION = 5.0;
				TARGETED_DEVICE_FAMILY = 1;
			};
			name = Debug;
		};
		3BCD546B2D6C6C1200A19E12 /* Release */ = {
			isa = XCBuildConfiguration;
			buildSettings = {
				ASSETCATALOG_COMPILER_APPICON_NAME = AppIcon;
				ASSETCATALOG_COMPILER_GLOBAL_ACCENT_COLOR_NAME = AccentColor;
				CODE_SIGN_STYLE = Automatic;
				CURRENT_PROJECT_VERSION = 1;
				DEVELOPMENT_ASSET_PATHS = "\"TicTouch/Preview Content\"";
				DEVELOPMENT_TEAM = D4733GQ49X;
				ENABLE_PREVIEWS = YES;
				GENERATE_INFOPLIST_FILE = YES;
				INFOPLIST_FILE = TicTouch/Info.plist;
				INFOPLIST_KEY_NSMicrophoneUsageDescription = "for mic";
				INFOPLIST_KEY_NSSpeechRecognitionUsageDescription = "for mic";
				INFOPLIST_KEY_UIApplicationSceneManifest_Generation = YES;
				INFOPLIST_KEY_UIApplicationSupportsIndirectInputEvents = YES;
				INFOPLIST_KEY_UILaunchScreen_Generation = YES;
				INFOPLIST_KEY_UISupportedInterfaceOrientations_iPad = "UIInterfaceOrientationPortrait UIInterfaceOrientationPortraitUpsideDown";
				INFOPLIST_KEY_UISupportedInterfaceOrientations_iPhone = UIInterfaceOrientationPortrait;
				LD_RUNPATH_SEARCH_PATHS = (
					"$(inherited)",
					"@executable_path/Frameworks",
				);
				MARKETING_VERSION = 1.0;
				PRODUCT_BUNDLE_IDENTIFIER = it.Tourette.aleat;
				PRODUCT_NAME = "$(TARGET_NAME)";
				SUPPORTED_PLATFORMS = "iphoneos iphonesimulator";
				SUPPORTS_MACCATALYST = NO;
				SUPPORTS_MAC_DESIGNED_FOR_IPHONE_IPAD = NO;
				SUPPORTS_XR_DESIGNED_FOR_IPHONE_IPAD = NO;
				SWIFT_EMIT_LOC_STRINGS = YES;
				SWIFT_VERSION = 5.0;
				TARGETED_DEVICE_FAMILY = 1;
			};
			name = Release;
		};
		3BCD546D2D6C6C1200A19E12 /* Debug */ = {
			isa = XCBuildConfiguration;
			buildSettings = {
				BUNDLE_LOADER = "$(TEST_HOST)";
				CODE_SIGN_STYLE = Automatic;
				CURRENT_PROJECT_VERSION = 1;
				DEVELOPMENT_TEAM = D4733GQ49X;
				GENERATE_INFOPLIST_FILE = YES;
				IPHONEOS_DEPLOYMENT_TARGET = 18.2;
				MARKETING_VERSION = 1.0;
				PRODUCT_BUNDLE_IDENTIFIER = it.SindromeTourette.aleatd.SindromeTouretteTemplateTests;
				PRODUCT_NAME = "$(TARGET_NAME)";
				SWIFT_EMIT_LOC_STRINGS = NO;
				SWIFT_VERSION = 5.0;
				TARGETED_DEVICE_FAMILY = "1,2";
				TEST_HOST = "$(BUILT_PRODUCTS_DIR)/TicTouch.app/$(BUNDLE_EXECUTABLE_FOLDER_PATH)/TicTouch";
			};
			name = Debug;
		};
		3BCD546E2D6C6C1200A19E12 /* Release */ = {
			isa = XCBuildConfiguration;
			buildSettings = {
				BUNDLE_LOADER = "$(TEST_HOST)";
				CODE_SIGN_STYLE = Automatic;
				CURRENT_PROJECT_VERSION = 1;
				DEVELOPMENT_TEAM = D4733GQ49X;
				GENERATE_INFOPLIST_FILE = YES;
				IPHONEOS_DEPLOYMENT_TARGET = 18.2;
				MARKETING_VERSION = 1.0;
				PRODUCT_BUNDLE_IDENTIFIER = it.SindromeTourette.aleatd.SindromeTouretteTemplateTests;
				PRODUCT_NAME = "$(TARGET_NAME)";
				SWIFT_EMIT_LOC_STRINGS = NO;
				SWIFT_VERSION = 5.0;
				TARGETED_DEVICE_FAMILY = "1,2";
				TEST_HOST = "$(BUILT_PRODUCTS_DIR)/TicTouch.app/$(BUNDLE_EXECUTABLE_FOLDER_PATH)/TicTouch";
			};
			name = Release;
		};
		3BCD54702D6C6C1200A19E12 /* Debug */ = {
			isa = XCBuildConfiguration;
			buildSettings = {
				CODE_SIGN_STYLE = Automatic;
				CURRENT_PROJECT_VERSION = 1;
				DEVELOPMENT_TEAM = D4733GQ49X;
				GENERATE_INFOPLIST_FILE = YES;
				MARKETING_VERSION = 1.0;
				PRODUCT_BUNDLE_IDENTIFIER = it.SindromeTourette.aleatd.SindromeTouretteTemplateUITests;
				PRODUCT_NAME = "$(TARGET_NAME)";
				SWIFT_EMIT_LOC_STRINGS = NO;
				SWIFT_VERSION = 5.0;
				TARGETED_DEVICE_FAMILY = "1,2";
				TEST_TARGET_NAME = SindromeTouretteTemplate;
			};
			name = Debug;
		};
		3BCD54712D6C6C1200A19E12 /* Release */ = {
			isa = XCBuildConfiguration;
			buildSettings = {
				CODE_SIGN_STYLE = Automatic;
				CURRENT_PROJECT_VERSION = 1;
				DEVELOPMENT_TEAM = D4733GQ49X;
				GENERATE_INFOPLIST_FILE = YES;
				MARKETING_VERSION = 1.0;
				PRODUCT_BUNDLE_IDENTIFIER = it.SindromeTourette.aleatd.SindromeTouretteTemplateUITests;
				PRODUCT_NAME = "$(TARGET_NAME)";
				SWIFT_EMIT_LOC_STRINGS = NO;
				SWIFT_VERSION = 5.0;
				TARGETED_DEVICE_FAMILY = "1,2";
				TEST_TARGET_NAME = SindromeTouretteTemplate;
			};
			name = Release;
		};
/* End XCBuildConfiguration section */

/* Begin XCConfigurationList section */
		3BCD543B2D6C6C1100A19E12 /* Build configuration list for PBXProject "TicTouch" */ = {
			isa = XCConfigurationList;
			buildConfigurations = (
				3BCD54672D6C6C1200A19E12 /* Debug */,
				3BCD54682D6C6C1200A19E12 /* Release */,
			);
			defaultConfigurationIsVisible = 0;
			defaultConfigurationName = Release;
		};
		3BCD54692D6C6C1200A19E12 /* Build configuration list for PBXNativeTarget "TicTouch" */ = {
			isa = XCConfigurationList;
			buildConfigurations = (
				3BCD546A2D6C6C1200A19E12 /* Debug */,
				3BCD546B2D6C6C1200A19E12 /* Release */,
			);
			defaultConfigurationIsVisible = 0;
			defaultConfigurationName = Release;
		};
		3BCD546C2D6C6C1200A19E12 /* Build configuration list for PBXNativeTarget "TicTouchTests" */ = {
			isa = XCConfigurationList;
			buildConfigurations = (
				3BCD546D2D6C6C1200A19E12 /* Debug */,
				3BCD546E2D6C6C1200A19E12 /* Release */,
			);
			defaultConfigurationIsVisible = 0;
			defaultConfigurationName = Release;
		};
		3BCD546F2D6C6C1200A19E12 /* Build configuration list for PBXNativeTarget "TicTouchUITests" */ = {
			isa = XCConfigurationList;
			buildConfigurations = (
				3BCD54702D6C6C1200A19E12 /* Debug */,
				3BCD54712D6C6C1200A19E12 /* Release */,
			);
			defaultConfigurationIsVisible = 0;
			defaultConfigurationName = Release;
		};
/* End XCConfigurationList section */
	};
	rootObject = 3BCD54382D6C6C1100A19E12 /* Project object */;
}
